{
  "name": "mmm-systemtemperature",
  "version": "1.0.0",
  "lockfileVersion": 3,
  "requires": true,
  "packages": {
    "": {
      "name": "mmm-systemtemperature",
      "version": "1.0.0",
      "license": "MIT",
      "dependencies": {
        "systeminformation": "^5.27.8"
      }
    },
    "node_modules/systeminformation": {
      "version": "5.27.8",
      "resolved": "https://registry.npmjs.org/systeminformation/-/systeminformation-5.27.8.tgz",
      "integrity": "sha512-d3Z0gaQO1MlUxzDUKsmXz5y4TOBCMZ8IyijzaYOykV3AcNOTQ7mT+tpndUOXYNSxzLK3la8G32xiUFvZ0/s6PA==",
      "license": "MIT",
      "os": [
        "darwin",
        "linux",
        "win32",
        "freebsd",
        "openbsd",
        "netbsd",
        "sunos",
        "android"
      ],
      "bin": {
        "systeminformation": "lib/cli.js"
      },
      "engines": {
        "node": ">=8.0.0"
      },
      "funding": {
        "type": "Buy me a coffee",
        "url": "https://www.buymeacoffee.com/systeminfo"
      }
    }
  }
}
